
Microsoft Visual Studio Solution File, Format Version 12.00
# Visual Studio 2012
Project("{FAE04EC0-301F-11D3-BF4B-00C04F79EFBC}") = "Ejercicio_44", "..\Ejercicio_44\Ejercicio_44\Ejercicio_44.csproj", "{4C71FBB6-F18E-44EE-9240-A79DAA4AD65B}"
EndProject
Project("{FAE04EC0-301F-11D3-BF4B-00C04F79EFBC}") = "CentralitaHerencia", "..\Ejercicio_37\CentralTelefonica\CentralitaHerencia\CentralitaHerencia.csproj", "{AE53A2EE-A386-4DAA-B343-0334BEB4428C}"
EndProject
Global
	GlobalSection(SolutionConfigurationPlatforms) = preSolution
		Debug|Any CPU = Debug|Any CPU
		Release|Any CPU = Release|Any CPU
	EndGlobalSection
	GlobalSection(ProjectConfigurationPlatforms) = postSolution
		{4C71FBB6-F18E-44EE-9240-A79DAA4AD65B}.Debug|Any CPU.ActiveCfg = Debug|Any CPU
		{4C71FBB6-F18E-44EE-9240-A79DAA4AD65B}.Debug|Any CPU.Build.0 = Debug|Any CPU
		{4C71FBB6-F18E-44EE-9240-A79DAA4AD65B}.Release|Any CPU.ActiveCfg = Release|Any CPU
		{4C71FBB6-F18E-44EE-9240-A79DAA4AD65B}.Release|Any CPU.Build.0 = Release|Any CPU
		{AE53A2EE-A386-4DAA-B343-0334BEB4428C}.Debug|Any CPU.ActiveCfg = Debug|Any CPU
		{AE53A2EE-A386-4DAA-B343-0334BEB4428C}.Debug|Any CPU.Build.0 = Debug|Any CPU
		{AE53A2EE-A386-4DAA-B343-0334BEB4428C}.Release|Any CPU.ActiveCfg = Release|Any CPU
		{AE53A2EE-A386-4DAA-B343-0334BEB4428C}.Release|Any CPU.Build.0 = Release|Any CPU
	EndGlobalSection
	GlobalSection(SolutionProperties) = preSolution
		HideSolutionNode = FALSE
	EndGlobalSection
EndGlobal
