
Microsoft Visual Studio Solution File, Format Version 12.00
# Visual Studio 15
VisualStudioVersion = 15.0.27428.2011
MinimumVisualStudioVersion = 10.0.40219.1
Project("{FAE04EC0-301F-11D3-BF4B-00C04F79EFBC}") = "Ejercicio_22", "Ejercicio_22\Ejercicio_22.csproj", "{1B3D209E-5EA8-46DA-87D9-EA4B4F260232}"
EndProject
Project("{FAE04EC0-301F-11D3-BF4B-00C04F79EFBC}") = "Conversores", "Conversores\Conversores.csproj", "{D1343CCF-4309-4F19-87EA-7DBCE5A3AB32}"
EndProject
Global
	GlobalSection(SolutionConfigurationPlatforms) = preSolution
		Debug|Any CPU = Debug|Any CPU
		Release|Any CPU = Release|Any CPU
	EndGlobalSection
	GlobalSection(ProjectConfigurationPlatforms) = postSolution
		{1B3D209E-5EA8-46DA-87D9-EA4B4F260232}.Debug|Any CPU.ActiveCfg = Debug|Any CPU
		{1B3D209E-5EA8-46DA-87D9-EA4B4F260232}.Debug|Any CPU.Build.0 = Debug|Any CPU
		{1B3D209E-5EA8-46DA-87D9-EA4B4F260232}.Release|Any CPU.ActiveCfg = Release|Any CPU
		{1B3D209E-5EA8-46DA-87D9-EA4B4F260232}.Release|Any CPU.Build.0 = Release|Any CPU
		{D1343CCF-4309-4F19-87EA-7DBCE5A3AB32}.Debug|Any CPU.ActiveCfg = Debug|Any CPU
		{D1343CCF-4309-4F19-87EA-7DBCE5A3AB32}.Debug|Any CPU.Build.0 = Debug|Any CPU
		{D1343CCF-4309-4F19-87EA-7DBCE5A3AB32}.Release|Any CPU.ActiveCfg = Release|Any CPU
		{D1343CCF-4309-4F19-87EA-7DBCE5A3AB32}.Release|Any CPU.Build.0 = Release|Any CPU
	EndGlobalSection
	GlobalSection(SolutionProperties) = preSolution
		HideSolutionNode = FALSE
	EndGlobalSection
	GlobalSection(ExtensibilityGlobals) = postSolution
		SolutionGuid = {E0F8C268-45D6-442D-B1EA-BCD1B35A0324}
	EndGlobalSection
EndGlobal
