
Microsoft Visual Studio Solution File, Format Version 12.00
# Visual Studio 2012
Project("{FAE04EC0-301F-11D3-BF4B-00C04F79EFBC}") = "Clase17", "Clase17\Clase17.csproj", "{47A5AE8A-3050-487A-9811-96A780B3FBF4}"
EndProject
Global
	GlobalSection(SolutionConfigurationPlatforms) = preSolution
		Debug|Any CPU = Debug|Any CPU
		Release|Any CPU = Release|Any CPU
	EndGlobalSection
	GlobalSection(ProjectConfigurationPlatforms) = postSolution
		{47A5AE8A-3050-487A-9811-96A780B3FBF4}.Debug|Any CPU.ActiveCfg = Debug|Any CPU
		{47A5AE8A-3050-487A-9811-96A780B3FBF4}.Debug|Any CPU.Build.0 = Debug|Any CPU
		{47A5AE8A-3050-487A-9811-96A780B3FBF4}.Release|Any CPU.ActiveCfg = Release|Any CPU
		{47A5AE8A-3050-487A-9811-96A780B3FBF4}.Release|Any CPU.Build.0 = Release|Any CPU
	EndGlobalSection
	GlobalSection(SolutionProperties) = preSolution
		HideSolutionNode = FALSE
	EndGlobalSection
EndGlobal
