
Microsoft Visual Studio Solution File, Format Version 12.00
# Visual Studio 2012
Project("{FAE04EC0-301F-11D3-BF4B-00C04F79EFBC}") = "Ejercicio_23", "Ejercicio_23\Ejercicio_23.csproj", "{37DF267B-50A3-4E7F-BF65-2F491B87059D}"
EndProject
Global
	GlobalSection(SolutionConfigurationPlatforms) = preSolution
		Debug|Any CPU = Debug|Any CPU
		Release|Any CPU = Release|Any CPU
	EndGlobalSection
	GlobalSection(ProjectConfigurationPlatforms) = postSolution
		{37DF267B-50A3-4E7F-BF65-2F491B87059D}.Debug|Any CPU.ActiveCfg = Debug|Any CPU
		{37DF267B-50A3-4E7F-BF65-2F491B87059D}.Debug|Any CPU.Build.0 = Debug|Any CPU
		{37DF267B-50A3-4E7F-BF65-2F491B87059D}.Release|Any CPU.ActiveCfg = Release|Any CPU
		{37DF267B-50A3-4E7F-BF65-2F491B87059D}.Release|Any CPU.Build.0 = Release|Any CPU
	EndGlobalSection
	GlobalSection(SolutionProperties) = preSolution
		HideSolutionNode = FALSE
	EndGlobalSection
EndGlobal
